// !$*UTF8*$!
{
	archiveVersion = 1;
	classes = {
	};
	objectVersion = 51;
	objects = {

/* Begin PBXBuildFile section */
		5BCCA99525801668E68CBD7C /* Pods_Breeds.framework in Frameworks */ = {isa = PBXBuildFile; fileRef = AE0C3E2B01D183A6A6C53EFB /* Pods_Breeds.framework */; };
		F527F9C524E1F36C00C64D94 /* AppDelegate.swift in Sources */ = {isa = PBXBuildFile; fileRef = F527F9C424E1F36C00C64D94 /* AppDelegate.swift */; };
		F527F9C724E1F36C00C64D94 /* SceneDelegate.swift in Sources */ = {isa = PBXBuildFile; fileRef = F527F9C624E1F36C00C64D94 /* SceneDelegate.swift */; };
		F527F9CC24E1F36C00C64D94 /* Main.storyboard in Resources */ = {isa = PBXBuildFile; fileRef = F527F9CA24E1F36C00C64D94 /* Main.storyboard */; };
		F527F9CF24E1F36C00C64D94 /* Breeds.xcdatamodeld in Sources */ = {isa = PBXBuildFile; fileRef = F527F9CD24E1F36C00C64D94 /* Breeds.xcdatamodeld */; };
		F527F9D124E1F36E00C64D94 /* Assets.xcassets in Resources */ = {isa = PBXBuildFile; fileRef = F527F9D024E1F36E00C64D94 /* Assets.xcassets */; };
		F527F9D424E1F36E00C64D94 /* LaunchScreen.storyboard in Resources */ = {isa = PBXBuildFile; fileRef = F527F9D224E1F36E00C64D94 /* LaunchScreen.storyboard */; };
		F527F9DD24E1F74400C64D94 /* BreedsTableViewController.swift in Sources */ = {isa = PBXBuildFile; fileRef = F527F9DC24E1F74400C64D94 /* BreedsTableViewController.swift */; };
		F527F9E024E1F75F00C64D94 /* FavouritesTableViewController.swift in Sources */ = {isa = PBXBuildFile; fileRef = F527F9DF24E1F75F00C64D94 /* FavouritesTableViewController.swift */; };
		F527F9E324E1F7A300C64D94 /* SubBreedsTableViewController.swift in Sources */ = {isa = PBXBuildFile; fileRef = F527F9E224E1F7A300C64D94 /* SubBreedsTableViewController.swift */; };
		F527F9E524E1F7C200C64D94 /* NetworkService.swift in Sources */ = {isa = PBXBuildFile; fileRef = F527F9E424E1F7C200C64D94 /* NetworkService.swift */; };
		F527F9E824E1F7D600C64D94 /* StorageService.swift in Sources */ = {isa = PBXBuildFile; fileRef = F527F9E724E1F7D600C64D94 /* StorageService.swift */; };
		F527F9F024E1FC6300C64D94 /* BreedTableViewCell.swift in Sources */ = {isa = PBXBuildFile; fileRef = F527F9EF24E1FC6300C64D94 /* BreedTableViewCell.swift */; };
		F52B05DA24E5CD77000D9F83 /* BreedData.swift in Sources */ = {isa = PBXBuildFile; fileRef = F52B05D924E5CD77000D9F83 /* BreedData.swift */; };
		F52B05DE24E5CE21000D9F83 /* ImageData.swift in Sources */ = {isa = PBXBuildFile; fileRef = F52B05DD24E5CE21000D9F83 /* ImageData.swift */; };
		F52B05E124E5D1D1000D9F83 /* SubbreedData.swift in Sources */ = {isa = PBXBuildFile; fileRef = F52B05E024E5D1D1000D9F83 /* SubbreedData.swift */; };
		F544075624E2C78700DC70B5 /* ImageViewController.swift in Sources */ = {isa = PBXBuildFile; fileRef = F544075524E2C78700DC70B5 /* ImageViewController.swift */; };
		F544075924E2D33300DC70B5 /* ImageCollectionViewCell.swift in Sources */ = {isa = PBXBuildFile; fileRef = F544075824E2D33300DC70B5 /* ImageCollectionViewCell.swift */; };
		F59FE92024E70D7D007AE153 /* BreedNetworkDelegate.swift in Sources */ = {isa = PBXBuildFile; fileRef = F59FE91F24E70D7D007AE153 /* BreedNetworkDelegate.swift */; };
		F59FE92224E70E3B007AE153 /* ImageNetworkDelegate.swift in Sources */ = {isa = PBXBuildFile; fileRef = F59FE92124E70E3B007AE153 /* ImageNetworkDelegate.swift */; };
		F5C8451124E4A6C1001091CE /* ImageCellDelegate.swift in Sources */ = {isa = PBXBuildFile; fileRef = F5C8451024E4A6C1001091CE /* ImageCellDelegate.swift */; };
		F5C8451524E4A8A4001091CE /* SpinnerViewController.swift in Sources */ = {isa = PBXBuildFile; fileRef = F5C8451424E4A8A4001091CE /* SpinnerViewController.swift */; };
/* End PBXBuildFile section */

/* Begin PBXFileReference section */
		411B0AB8A4C021D7B93CB540 /* Pods-Breeds.debug.xcconfig */ = {isa = PBXFileReference; includeInIndex = 1; lastKnownFileType = text.xcconfig; name = "Pods-Breeds.debug.xcconfig"; path = "Target Support Files/Pods-Breeds/Pods-Breeds.debug.xcconfig"; sourceTree = "<group>"; };
		6119952E22A137B396F0F82A /* Pods-Breeds.release.xcconfig */ = {isa = PBXFileReference; includeInIndex = 1; lastKnownFileType = text.xcconfig; name = "Pods-Breeds.release.xcconfig"; path = "Target Support Files/Pods-Breeds/Pods-Breeds.release.xcconfig"; sourceTree = "<group>"; };
		AE0C3E2B01D183A6A6C53EFB /* Pods_Breeds.framework */ = {isa = PBXFileReference; explicitFileType = wrapper.framework; includeInIndex = 0; path = Pods_Breeds.framework; sourceTree = BUILT_PRODUCTS_DIR; };
		F527F9C124E1F36C00C64D94 /* Breeds.app */ = {isa = PBXFileReference; explicitFileType = wrapper.application; includeInIndex = 0; path = Breeds.app; sourceTree = BUILT_PRODUCTS_DIR; };
		F527F9C424E1F36C00C64D94 /* AppDelegate.swift */ = {isa = PBXFileReference; lastKnownFileType = sourcecode.swift; path = AppDelegate.swift; sourceTree = "<group>"; };
		F527F9C624E1F36C00C64D94 /* SceneDelegate.swift */ = {isa = PBXFileReference; lastKnownFileType = sourcecode.swift; path = SceneDelegate.swift; sourceTree = "<group>"; };
		F527F9CB24E1F36C00C64D94 /* Base */ = {isa = PBXFileReference; lastKnownFileType = file.storyboard; name = Base; path = Base.lproj/Main.storyboard; sourceTree = "<group>"; };
		F527F9CE24E1F36C00C64D94 /* Breeds.xcdatamodel */ = {isa = PBXFileReference; lastKnownFileType = wrapper.xcdatamodel; path = Breeds.xcdatamodel; sourceTree = "<group>"; };
		F527F9D024E1F36E00C64D94 /* Assets.xcassets */ = {isa = PBXFileReference; lastKnownFileType = folder.assetcatalog; path = Assets.xcassets; sourceTree = "<group>"; };
		F527F9D324E1F36E00C64D94 /* Base */ = {isa = PBXFileReference; lastKnownFileType = file.storyboard; name = Base; path = Base.lproj/LaunchScreen.storyboard; sourceTree = "<group>"; };
		F527F9D524E1F36E00C64D94 /* Info.plist */ = {isa = PBXFileReference; lastKnownFileType = text.plist.xml; path = Info.plist; sourceTree = "<group>"; };
		F527F9DC24E1F74400C64D94 /* BreedsTableViewController.swift */ = {isa = PBXFileReference; lastKnownFileType = sourcecode.swift; path = BreedsTableViewController.swift; sourceTree = "<group>"; };
		F527F9DF24E1F75F00C64D94 /* FavouritesTableViewController.swift */ = {isa = PBXFileReference; lastKnownFileType = sourcecode.swift; path = FavouritesTableViewController.swift; sourceTree = "<group>"; };
		F527F9E224E1F7A300C64D94 /* SubBreedsTableViewController.swift */ = {isa = PBXFileReference; lastKnownFileType = sourcecode.swift; path = SubBreedsTableViewController.swift; sourceTree = "<group>"; };
		F527F9E424E1F7C200C64D94 /* NetworkService.swift */ = {isa = PBXFileReference; lastKnownFileType = sourcecode.swift; path = NetworkService.swift; sourceTree = "<group>"; };
		F527F9E724E1F7D600C64D94 /* StorageService.swift */ = {isa = PBXFileReference; lastKnownFileType = sourcecode.swift; path = StorageService.swift; sourceTree = "<group>"; };
		F527F9EF24E1FC6300C64D94 /* BreedTableViewCell.swift */ = {isa = PBXFileReference; lastKnownFileType = sourcecode.swift; path = BreedTableViewCell.swift; sourceTree = "<group>"; };
		F52B05D924E5CD77000D9F83 /* BreedData.swift */ = {isa = PBXFileReference; lastKnownFileType = sourcecode.swift; path = BreedData.swift; sourceTree = "<group>"; };
		F52B05DD24E5CE21000D9F83 /* ImageData.swift */ = {isa = PBXFileReference; lastKnownFileType = sourcecode.swift; path = ImageData.swift; sourceTree = "<group>"; };
		F52B05E024E5D1D1000D9F83 /* SubbreedData.swift */ = {isa = PBXFileReference; lastKnownFileType = sourcecode.swift; path = SubbreedData.swift; sourceTree = "<group>"; };
		F544075524E2C78700DC70B5 /* ImageViewController.swift */ = {isa = PBXFileReference; lastKnownFileType = sourcecode.swift; path = ImageViewController.swift; sourceTree = "<group>"; };
		F544075824E2D33300DC70B5 /* ImageCollectionViewCell.swift */ = {isa = PBXFileReference; lastKnownFileType = sourcecode.swift; path = ImageCollectionViewCell.swift; sourceTree = "<group>"; };
		F59FE91F24E70D7D007AE153 /* BreedNetworkDelegate.swift */ = {isa = PBXFileReference; lastKnownFileType = sourcecode.swift; path = BreedNetworkDelegate.swift; sourceTree = "<group>"; };
		F59FE92124E70E3B007AE153 /* ImageNetworkDelegate.swift */ = {isa = PBXFileReference; lastKnownFileType = sourcecode.swift; path = ImageNetworkDelegate.swift; sourceTree = "<group>"; };
		F5C8451024E4A6C1001091CE /* ImageCellDelegate.swift */ = {isa = PBXFileReference; lastKnownFileType = sourcecode.swift; path = ImageCellDelegate.swift; sourceTree = "<group>"; };
		F5C8451424E4A8A4001091CE /* SpinnerViewController.swift */ = {isa = PBXFileReference; lastKnownFileType = sourcecode.swift; path = SpinnerViewController.swift; sourceTree = "<group>"; };
/* End PBXFileReference section */

/* Begin PBXFrameworksBuildPhase section */
		F527F9BE24E1F36C00C64D94 /* Frameworks */ = {
			isa = PBXFrameworksBuildPhase;
			buildActionMask = 2147483647;
			files = (
				5BCCA99525801668E68CBD7C /* Pods_Breeds.framework in Frameworks */,
			);
			runOnlyForDeploymentPostprocessing = 0;
		};
/* End PBXFrameworksBuildPhase section */

/* Begin PBXGroup section */
		496DFB44DEE1043D5AA6850D /* Frameworks */ = {
			isa = PBXGroup;
			children = (
				AE0C3E2B01D183A6A6C53EFB /* Pods_Breeds.framework */,
			);
			name = Frameworks;
			sourceTree = "<group>";
		};
		E420B306D38CF4D52066C170 /* Pods */ = {
			isa = PBXGroup;
			children = (
				411B0AB8A4C021D7B93CB540 /* Pods-Breeds.debug.xcconfig */,
				6119952E22A137B396F0F82A /* Pods-Breeds.release.xcconfig */,
			);
			path = Pods;
			sourceTree = "<group>";
		};
		F527F9B824E1F36C00C64D94 = {
			isa = PBXGroup;
			children = (
				F527F9C324E1F36C00C64D94 /* Breeds */,
				F527F9C224E1F36C00C64D94 /* Products */,
				E420B306D38CF4D52066C170 /* Pods */,
				496DFB44DEE1043D5AA6850D /* Frameworks */,
			);
			sourceTree = "<group>";
		};
		F527F9C224E1F36C00C64D94 /* Products */ = {
			isa = PBXGroup;
			children = (
				F527F9C124E1F36C00C64D94 /* Breeds.app */,
			);
			name = Products;
			sourceTree = "<group>";
		};
		F527F9C324E1F36C00C64D94 /* Breeds */ = {
			isa = PBXGroup;
			children = (
				F527F9C424E1F36C00C64D94 /* AppDelegate.swift */,
				F527F9C624E1F36C00C64D94 /* SceneDelegate.swift */,
				F527F9E624E1F7C500C64D94 /* Services */,
				F527F9DB24E1F70900C64D94 /* Model */,
				F527F9DE24E1F74900C64D94 /* Breeds Tab */,
				F527F9E124E1F76400C64D94 /* Favourites Tab */,
				F544075724E2C78F00DC70B5 /* Common Image Module */,
				F527F9CA24E1F36C00C64D94 /* Main.storyboard */,
				F527F9D024E1F36E00C64D94 /* Assets.xcassets */,
				F527F9D224E1F36E00C64D94 /* LaunchScreen.storyboard */,
				F527F9D524E1F36E00C64D94 /* Info.plist */,
			);
			path = Breeds;
			sourceTree = "<group>";
		};
		F527F9DB24E1F70900C64D94 /* Model */ = {
			isa = PBXGroup;
			children = (
				F527F9CD24E1F36C00C64D94 /* Breeds.xcdatamodeld */,
				F52B05DF24E5CE59000D9F83 /* NetworkData */,
			);
			path = Model;
			sourceTree = "<group>";
		};
		F527F9DE24E1F74900C64D94 /* Breeds Tab */ = {
			isa = PBXGroup;
			children = (
				F527F9ED24E1FC0200C64D94 /* Breed Module */,
				F527F9EE24E1FC0A00C64D94 /* SubBreed Module */,
			);
			path = "Breeds Tab";
			sourceTree = "<group>";
		};
		F527F9E124E1F76400C64D94 /* Favourites Tab */ = {
			isa = PBXGroup;
			children = (
				F527F9DF24E1F75F00C64D94 /* FavouritesTableViewController.swift */,
			);
			path = "Favourites Tab";
			sourceTree = "<group>";
		};
		F527F9E624E1F7C500C64D94 /* Services */ = {
			isa = PBXGroup;
			children = (
				F527F9E424E1F7C200C64D94 /* NetworkService.swift */,
				F527F9E724E1F7D600C64D94 /* StorageService.swift */,
			);
			path = Services;
			sourceTree = "<group>";
		};
		F527F9ED24E1FC0200C64D94 /* Breed Module */ = {
			isa = PBXGroup;
			children = (
				F527F9DC24E1F74400C64D94 /* BreedsTableViewController.swift */,
				F59FE91F24E70D7D007AE153 /* BreedNetworkDelegate.swift */,
				F527F9F124E1FC6700C64D94 /* Cell */,
			);
			path = "Breed Module";
			sourceTree = "<group>";
		};
		F527F9EE24E1FC0A00C64D94 /* SubBreed Module */ = {
			isa = PBXGroup;
			children = (
				F527F9E224E1F7A300C64D94 /* SubBreedsTableViewController.swift */,
			);
			path = "SubBreed Module";
			sourceTree = "<group>";
		};
		F527F9F124E1FC6700C64D94 /* Cell */ = {
			isa = PBXGroup;
			children = (
				F527F9EF24E1FC6300C64D94 /* BreedTableViewCell.swift */,
			);
			path = Cell;
			sourceTree = "<group>";
		};
		F52B05DF24E5CE59000D9F83 /* NetworkData */ = {
			isa = PBXGroup;
			children = (
				F52B05D924E5CD77000D9F83 /* BreedData.swift */,
				F52B05DD24E5CE21000D9F83 /* ImageData.swift */,
				F52B05E024E5D1D1000D9F83 /* SubbreedData.swift */,
			);
			path = NetworkData;
			sourceTree = "<group>";
		};
		F544075724E2C78F00DC70B5 /* Common Image Module */ = {
			isa = PBXGroup;
			children = (
				F544075524E2C78700DC70B5 /* ImageViewController.swift */,
				F59FE92124E70E3B007AE153 /* ImageNetworkDelegate.swift */,
				F5C8451024E4A6C1001091CE /* ImageCellDelegate.swift */,
				F5C8451424E4A8A4001091CE /* SpinnerViewController.swift */,
				F59FE91E24E6EA5D007AE153 /* Cell */,
			);
			path = "Common Image Module";
			sourceTree = "<group>";
		};
		F59FE91E24E6EA5D007AE153 /* Cell */ = {
			isa = PBXGroup;
			children = (
				F544075824E2D33300DC70B5 /* ImageCollectionViewCell.swift */,
			);
			path = Cell;
			sourceTree = "<group>";
		};
/* End PBXGroup section */

/* Begin PBXNativeTarget section */
		F527F9C024E1F36C00C64D94 /* Breeds */ = {
			isa = PBXNativeTarget;
			buildConfigurationList = F527F9D824E1F36E00C64D94 /* Build configuration list for PBXNativeTarget "Breeds" */;
			buildPhases = (
				89A7409AC8D5AB6794836761 /* [CP] Check Pods Manifest.lock */,
				F527F9BD24E1F36C00C64D94 /* Sources */,
				F527F9BE24E1F36C00C64D94 /* Frameworks */,
				F527F9BF24E1F36C00C64D94 /* Resources */,
				BEC4C033F4DD5CCF771E5D3A /* [CP] Embed Pods Frameworks */,
			);
			buildRules = (
			);
			dependencies = (
			);
			name = Breeds;
			productName = Breeds;
			productReference = F527F9C124E1F36C00C64D94 /* Breeds.app */;
			productType = "com.apple.product-type.application";
		};
/* End PBXNativeTarget section */

/* Begin PBXProject section */
		F527F9B924E1F36C00C64D94 /* Project object */ = {
			isa = PBXProject;
			attributes = {
				LastSwiftUpdateCheck = 1150;
				LastUpgradeCheck = 1150;
				ORGANIZATIONNAME = "Viktoriia Saklakova";
				TargetAttributes = {
					F527F9C024E1F36C00C64D94 = {
						CreatedOnToolsVersion = 11.5;
					};
				};
			};
			buildConfigurationList = F527F9BC24E1F36C00C64D94 /* Build configuration list for PBXProject "Breeds" */;
			compatibilityVersion = "Xcode 9.3";
			developmentRegion = en;
			hasScannedForEncodings = 0;
			knownRegions = (
				en,
				Base,
			);
			mainGroup = F527F9B824E1F36C00C64D94;
			productRefGroup = F527F9C224E1F36C00C64D94 /* Products */;
			projectDirPath = "";
			projectRoot = "";
			targets = (
				F527F9C024E1F36C00C64D94 /* Breeds */,
			);
		};
/* End PBXProject section */

/* Begin PBXResourcesBuildPhase section */
		F527F9BF24E1F36C00C64D94 /* Resources */ = {
			isa = PBXResourcesBuildPhase;
			buildActionMask = 2147483647;
			files = (
				F527F9D424E1F36E00C64D94 /* LaunchScreen.storyboard in Resources */,
				F527F9D124E1F36E00C64D94 /* Assets.xcassets in Resources */,
				F527F9CC24E1F36C00C64D94 /* Main.storyboard in Resources */,
			);
			runOnlyForDeploymentPostprocessing = 0;
		};
/* End PBXResourcesBuildPhase section */

/* Begin PBXShellScriptBuildPhase section */
		89A7409AC8D5AB6794836761 /* [CP] Check Pods Manifest.lock */ = {
			isa = PBXShellScriptBuildPhase;
			buildActionMask = 2147483647;
			files = (
			);
			inputFileListPaths = (
			);
			inputPaths = (
				"${PODS_PODFILE_DIR_PATH}/Podfile.lock",
				"${PODS_ROOT}/Manifest.lock",
			);
			name = "[CP] Check Pods Manifest.lock";
			outputFileListPaths = (
			);
			outputPaths = (
				"$(DERIVED_FILE_DIR)/Pods-Breeds-checkManifestLockResult.txt",
			);
			runOnlyForDeploymentPostprocessing = 0;
			shellPath = /bin/sh;
			shellScript = "diff \"${PODS_PODFILE_DIR_PATH}/Podfile.lock\" \"${PODS_ROOT}/Manifest.lock\" > /dev/null\nif [ $? != 0 ] ; then\n    # print error to STDERR\n    echo \"error: The sandbox is not in sync with the Podfile.lock. Run 'pod install' or update your CocoaPods installation.\" >&2\n    exit 1\nfi\n# This output is used by Xcode 'outputs' to avoid re-running this script phase.\necho \"SUCCESS\" > \"${SCRIPT_OUTPUT_FILE_0}\"\n";
			showEnvVarsInLog = 0;
		};
		BEC4C033F4DD5CCF771E5D3A /* [CP] Embed Pods Frameworks */ = {
			isa = PBXShellScriptBuildPhase;
			buildActionMask = 2147483647;
			files = (
			);
			inputFileListPaths = (
				"${PODS_ROOT}/Target Support Files/Pods-Breeds/Pods-Breeds-frameworks-${CONFIGURATION}-input-files.xcfilelist",
			);
			name = "[CP] Embed Pods Frameworks";
			outputFileListPaths = (
				"${PODS_ROOT}/Target Support Files/Pods-Breeds/Pods-Breeds-frameworks-${CONFIGURATION}-output-files.xcfilelist",
			);
			runOnlyForDeploymentPostprocessing = 0;
			shellPath = /bin/sh;
			shellScript = "\"${PODS_ROOT}/Target Support Files/Pods-Breeds/Pods-Breeds-frameworks.sh\"\n";
			showEnvVarsInLog = 0;
		};
/* End PBXShellScriptBuildPhase section */

/* Begin PBXSourcesBuildPhase section */
		F527F9BD24E1F36C00C64D94 /* Sources */ = {
			isa = PBXSourcesBuildPhase;
			buildActionMask = 2147483647;
			files = (
				F59FE92024E70D7D007AE153 /* BreedNetworkDelegate.swift in Sources */,
				F527F9CF24E1F36C00C64D94 /* Breeds.xcdatamodeld in Sources */,
				F544075924E2D33300DC70B5 /* ImageCollectionViewCell.swift in Sources */,
				F527F9E324E1F7A300C64D94 /* SubBreedsTableViewController.swift in Sources */,
				F52B05E124E5D1D1000D9F83 /* SubbreedData.swift in Sources */,
				F5C8451524E4A8A4001091CE /* SpinnerViewController.swift in Sources */,
				F527F9DD24E1F74400C64D94 /* BreedsTableViewController.swift in Sources */,
				F5C8451124E4A6C1001091CE /* ImageCellDelegate.swift in Sources */,
				F527F9C524E1F36C00C64D94 /* AppDelegate.swift in Sources */,
				F59FE92224E70E3B007AE153 /* ImageNetworkDelegate.swift in Sources */,
				F52B05DE24E5CE21000D9F83 /* ImageData.swift in Sources */,
				F527F9C724E1F36C00C64D94 /* SceneDelegate.swift in Sources */,
				F527F9E824E1F7D600C64D94 /* StorageService.swift in Sources */,
				F527F9E024E1F75F00C64D94 /* FavouritesTableViewController.swift in Sources */,
				F52B05DA24E5CD77000D9F83 /* BreedData.swift in Sources */,
				F527F9E524E1F7C200C64D94 /* NetworkService.swift in Sources */,
				F544075624E2C78700DC70B5 /* ImageViewController.swift in Sources */,
				F527F9F024E1FC6300C64D94 /* BreedTableViewCell.swift in Sources */,
			);
			runOnlyForDeploymentPostprocessing = 0;
		};
/* End PBXSourcesBuildPhase section */

/* Begin PBXVariantGroup section */
		F527F9CA24E1F36C00C64D94 /* Main.storyboard */ = {
			isa = PBXVariantGroup;
			children = (
				F527F9CB24E1F36C00C64D94 /* Base */,
			);
			name = Main.storyboard;
			sourceTree = "<group>";
		};
		F527F9D224E1F36E00C64D94 /* LaunchScreen.storyboard */ = {
			isa = PBXVariantGroup;
			children = (
				F527F9D324E1F36E00C64D94 /* Base */,
			);
			name = LaunchScreen.storyboard;
			sourceTree = "<group>";
		};
/* End PBXVariantGroup section */

/* Begin XCBuildConfiguration section */
		F527F9D624E1F36E00C64D94 /* Debug */ = {
			isa = XCBuildConfiguration;
			buildSettings = {
				ALWAYS_SEARCH_USER_PATHS = NO;
				CLANG_ANALYZER_NONNULL = YES;
				CLANG_ANALYZER_NUMBER_OBJECT_CONVERSION = YES_AGGRESSIVE;
				CLANG_CXX_LANGUAGE_STANDARD = "gnu++14";
				CLANG_CXX_LIBRARY = "libc++";
				CLANG_ENABLE_MODULES = YES;
				CLANG_ENABLE_OBJC_ARC = YES;
				CLANG_ENABLE_OBJC_WEAK = YES;
				CLANG_WARN_BLOCK_CAPTURE_AUTORELEASING = YES;
				CLANG_WARN_BOOL_CONVERSION = YES;
				CLANG_WARN_COMMA = YES;
				CLANG_WARN_CONSTANT_CONVERSION = YES;
				CLANG_WARN_DEPRECATED_OBJC_IMPLEMENTATIONS = YES;
				CLANG_WARN_DIRECT_OBJC_ISA_USAGE = YES_ERROR;
				CLANG_WARN_DOCUMENTATION_COMMENTS = YES;
				CLANG_WARN_EMPTY_BODY = YES;
				CLANG_WARN_ENUM_CONVERSION = YES;
				CLANG_WARN_INFINITE_RECURSION = YES;
				CLANG_WARN_INT_CONVERSION = YES;
				CLANG_WARN_NON_LITERAL_NULL_CONVERSION = YES;
				CLANG_WARN_OBJC_IMPLICIT_RETAIN_SELF = YES;
				CLANG_WARN_OBJC_LITERAL_CONVERSION = YES;
				CLANG_WARN_OBJC_ROOT_CLASS = YES_ERROR;
				CLANG_WARN_RANGE_LOOP_ANALYSIS = YES;
				CLANG_WARN_STRICT_PROTOTYPES = YES;
				CLANG_WARN_SUSPICIOUS_MOVE = YES;
				CLANG_WARN_UNGUARDED_AVAILABILITY = YES_AGGRESSIVE;
				CLANG_WARN_UNREACHABLE_CODE = YES;
				CLANG_WARN__DUPLICATE_METHOD_MATCH = YES;
				COPY_PHASE_STRIP = NO;
				DEBUG_INFORMATION_FORMAT = dwarf;
				ENABLE_STRICT_OBJC_MSGSEND = YES;
				ENABLE_TESTABILITY = YES;
				GCC_C_LANGUAGE_STANDARD = gnu11;
				GCC_DYNAMIC_NO_PIC = NO;
				GCC_NO_COMMON_BLOCKS = YES;
				GCC_OPTIMIZATION_LEVEL = 0;
				GCC_PREPROCESSOR_DEFINITIONS = (
					"DEBUG=1",
					"$(inherited)",
				);
				GCC_WARN_64_TO_32_BIT_CONVERSION = YES;
				GCC_WARN_ABOUT_RETURN_TYPE = YES_ERROR;
				GCC_WARN_UNDECLARED_SELECTOR = YES;
				GCC_WARN_UNINITIALIZED_AUTOS = YES_AGGRESSIVE;
				GCC_WARN_UNUSED_FUNCTION = YES;
				GCC_WARN_UNUSED_VARIABLE = YES;
				IPHONEOS_DEPLOYMENT_TARGET = 13.5;
				MTL_ENABLE_DEBUG_INFO = INCLUDE_SOURCE;
				MTL_FAST_MATH = YES;
				ONLY_ACTIVE_ARCH = YES;
				SDKROOT = iphoneos;
				SWIFT_ACTIVE_COMPILATION_CONDITIONS = DEBUG;
				SWIFT_OPTIMIZATION_LEVEL = "-Onone";
			};
			name = Debug;
		};
		F527F9D724E1F36E00C64D94 /* Release */ = {
			isa = XCBuildConfiguration;
			buildSettings = {
				ALWAYS_SEARCH_USER_PATHS = NO;
				CLANG_ANALYZER_NONNULL = YES;
				CLANG_ANALYZER_NUMBER_OBJECT_CONVERSION = YES_AGGRESSIVE;
				CLANG_CXX_LANGUAGE_STANDARD = "gnu++14";
				CLANG_CXX_LIBRARY = "libc++";
				CLANG_ENABLE_MODULES = YES;
				CLANG_ENABLE_OBJC_ARC = YES;
				CLANG_ENABLE_OBJC_WEAK = YES;
				CLANG_WARN_BLOCK_CAPTURE_AUTORELEASING = YES;
				CLANG_WARN_BOOL_CONVERSION = YES;
				CLANG_WARN_COMMA = YES;
				CLANG_WARN_CONSTANT_CONVERSION = YES;
				CLANG_WARN_DEPRECATED_OBJC_IMPLEMENTATIONS = YES;
				CLANG_WARN_DIRECT_OBJC_ISA_USAGE = YES_ERROR;
				CLANG_WARN_DOCUMENTATION_COMMENTS = YES;
				CLANG_WARN_EMPTY_BODY = YES;
				CLANG_WARN_ENUM_CONVERSION = YES;
				CLANG_WARN_INFINITE_RECURSION = YES;
				CLANG_WARN_INT_CONVERSION = YES;
				CLANG_WARN_NON_LITERAL_NULL_CONVERSION = YES;
				CLANG_WARN_OBJC_IMPLICIT_RETAIN_SELF = YES;
				CLANG_WARN_OBJC_LITERAL_CONVERSION = YES;
				CLANG_WARN_OBJC_ROOT_CLASS = YES_ERROR;
				CLANG_WARN_RANGE_LOOP_ANALYSIS = YES;
				CLANG_WARN_STRICT_PROTOTYPES = YES;
				CLANG_WARN_SUSPICIOUS_MOVE = YES;
				CLANG_WARN_UNGUARDED_AVAILABILITY = YES_AGGRESSIVE;
				CLANG_WARN_UNREACHABLE_CODE = YES;
				CLANG_WARN__DUPLICATE_METHOD_MATCH = YES;
				COPY_PHASE_STRIP = NO;
				DEBUG_INFORMATION_FORMAT = "dwarf-with-dsym";
				ENABLE_NS_ASSERTIONS = NO;
				ENABLE_STRICT_OBJC_MSGSEND = YES;
				GCC_C_LANGUAGE_STANDARD = gnu11;
				GCC_NO_COMMON_BLOCKS = YES;
				GCC_WARN_64_TO_32_BIT_CONVERSION = YES;
				GCC_WARN_ABOUT_RETURN_TYPE = YES_ERROR;
				GCC_WARN_UNDECLARED_SELECTOR = YES;
				GCC_WARN_UNINITIALIZED_AUTOS = YES_AGGRESSIVE;
				GCC_WARN_UNUSED_FUNCTION = YES;
				GCC_WARN_UNUSED_VARIABLE = YES;
				IPHONEOS_DEPLOYMENT_TARGET = 13.5;
				MTL_ENABLE_DEBUG_INFO = NO;
				MTL_FAST_MATH = YES;
				SDKROOT = iphoneos;
				SWIFT_COMPILATION_MODE = wholemodule;
				SWIFT_OPTIMIZATION_LEVEL = "-O";
				VALIDATE_PRODUCT = YES;
			};
			name = Release;
		};
		F527F9D924E1F36E00C64D94 /* Debug */ = {
			isa = XCBuildConfiguration;
			baseConfigurationReference = 411B0AB8A4C021D7B93CB540 /* Pods-Breeds.debug.xcconfig */;
			buildSettings = {
				ASSETCATALOG_COMPILER_APPICON_NAME = AppIcon;
				CODE_SIGN_STYLE = Automatic;
				DEVELOPMENT_TEAM = XRLJB55D4K;
				INFOPLIST_FILE = Breeds/Info.plist;
				IPHONEOS_DEPLOYMENT_TARGET = 13.0;
				LD_RUNPATH_SEARCH_PATHS = (
					"$(inherited)",
					"@executable_path/Frameworks",
				);
				PRODUCT_BUNDLE_IDENTIFIER = "com-viktoriia-s.Breeds";
				PRODUCT_NAME = "$(TARGET_NAME)";
				SWIFT_VERSION = 5.0;
				TARGETED_DEVICE_FAMILY = "1,2";
			};
			name = Debug;
		};
		F527F9DA24E1F36E00C64D94 /* Release */ = {
			isa = XCBuildConfiguration;
			baseConfigurationReference = 6119952E22A137B396F0F82A /* Pods-Breeds.release.xcconfig */;
			buildSettings = {
				ASSETCATALOG_COMPILER_APPICON_NAME = AppIcon;
				CODE_SIGN_STYLE = Automatic;
				DEVELOPMENT_TEAM = XRLJB55D4K;
				INFOPLIST_FILE = Breeds/Info.plist;
				IPHONEOS_DEPLOYMENT_TARGET = 13.0;
				LD_RUNPATH_SEARCH_PATHS = (
					"$(inherited)",
					"@executable_path/Frameworks",
				);
				PRODUCT_BUNDLE_IDENTIFIER = "com-viktoriia-s.Breeds";
				PRODUCT_NAME = "$(TARGET_NAME)";
				SWIFT_VERSION = 5.0;
				TARGETED_DEVICE_FAMILY = "1,2";
			};
			name = Release;
		};
/* End XCBuildConfiguration section */

/* Begin XCConfigurationList section */
		F527F9BC24E1F36C00C64D94 /* Build configuration list for PBXProject "Breeds" */ = {
			isa = XCConfigurationList;
			buildConfigurations = (
				F527F9D624E1F36E00C64D94 /* Debug */,
				F527F9D724E1F36E00C64D94 /* Release */,
			);
			defaultConfigurationIsVisible = 0;
			defaultConfigurationName = Release;
		};
		F527F9D824E1F36E00C64D94 /* Build configuration list for PBXNativeTarget "Breeds" */ = {
			isa = XCConfigurationList;
			buildConfigurations = (
				F527F9D924E1F36E00C64D94 /* Debug */,
				F527F9DA24E1F36E00C64D94 /* Release */,
			);
			defaultConfigurationIsVisible = 0;
			defaultConfigurationName = Release;
		};
/* End XCConfigurationList section */

/* Begin XCVersionGroup section */
		F527F9CD24E1F36C00C64D94 /* Breeds.xcdatamodeld */ = {
			isa = XCVersionGroup;
			children = (
				F527F9CE24E1F36C00C64D94 /* Breeds.xcdatamodel */,
			);
			currentVersion = F527F9CE24E1F36C00C64D94 /* Breeds.xcdatamodel */;
			path = Breeds.xcdatamodeld;
			sourceTree = "<group>";
			versionGroupType = wrapper.xcdatamodel;
		};
/* End XCVersionGroup section */
	};
	rootObject = F527F9B924E1F36C00C64D94 /* Project object */;
}
